# This is a Gradle generated file for dependency locking.
# Manual edits can break the build and are not advised.
# This file is expected to be part of source control.
# To regenerate this file, run: ./gradlew :mcace-runtime-integration:dependencies --write-locks
aopalliance:aopalliance:1.0=velocityObserverAnnotationProcessor,velocityObserverCompileClasspath
com.github.ben-manes.caffeine:caffeine:3.2.3=velocityObserverAnnotationProcessor,velocityObserverCompileClasspath
com.google.auto.service:auto-service-annotations:1.1.1=paperAdmissionObserverCompileClasspath,velocityObserverCompileClasspath
com.google.code.findbugs:jsr305:3.0.2=paperAdmissionObserverCompileClasspath
com.google.code.gson:gson:2.10.1=paperAdmissionObserverCompileClasspath
com.google.code.gson:gson:2.13.2=velocityObserverAnnotationProcessor,velocityObserverCompileClasspath
com.google.errorprone:error_prone_annotations:2.18.0=paperAdmissionObserverCompileClasspath
com.google.errorprone:error_prone_annotations:2.43.0=velocityObserverAnnotationProcessor,velocityObserverCompileClasspath
com.google.guava:failureaccess:1.0.1=paperAdmissionObserverCompileClasspath
com.google.guava:failureaccess:1.0.3=velocityObserverAnnotationProcessor,velocityObserverCompileClasspath
com.google.guava:guava-parent:32.1.2-jre=paperAdmissionObserverCompileClasspath
com.google.guava:guava:32.1.2-jre=paperAdmissionObserverCompileClasspath
com.google.guava:guava:33.5.0-jre=velocityObserverAnnotationProcessor,velocityObserverCompileClasspath
com.google.guava:listenablefuture:9999.0-empty-to-avoid-conflict-with-guava=paperAdmissionObserverCompileClasspath,velocityObserverAnnotationProcessor,velocityObserverCompileClasspath
com.google.inject:guice:7.0.0=velocityObserverAnnotationProcessor,velocityObserverCompileClasspath
com.google.j2objc:j2objc-annotations:2.8=paperAdmissionObserverCompileClasspath
com.google.j2objc:j2objc-annotations:3.1=velocityObserverAnnotationProcessor,velocityObserverCompileClasspath
com.google.protobuf:protobuf-java:4.32.1=compileClasspath,paperAdmissionObserverCompileClasspath,runtimeClasspath,testCompileClasspath,testRuntimeClasspath
com.googlecode.json-simple:json-simple:1.1.1=paperAdmissionObserverCompileClasspath
com.moandjiezana.toml:toml4j:0.7.2=velocityObserverAnnotationProcessor,velocityObserverCompileClasspath
com.mojang:brigadier:1.2.9=paperAdmissionObserverCompileClasspath
com.velocitypowered:velocity-api:3.5.1=velocityObserverAnnotationProcessor,velocityObserverCompileClasspath
com.velocitypowered:velocity-brigadier:1.0.0-SNAPSHOT=velocityObserverAnnotationProcessor,velocityObserverCompileClasspath
io.leangen.geantyref:geantyref:1.3.16=velocityObserverAnnotationProcessor,velocityObserverCompileClasspath
io.papermc.paper:paper-api:1.21.1-R0.1-SNAPSHOT=paperAdmissionObserverCompileClasspath
it.unimi.dsi:fastutil:8.5.6=paperAdmissionObserverCompileClasspath
jakarta.inject:jakarta.inject-api:2.0.1=velocityObserverAnnotationProcessor,velocityObserverCompileClasspath
javax.inject:javax.inject:1=paperAdmissionObserverCompileClasspath
net.kyori:adventure-api:4.17.0=paperAdmissionObserverCompileClasspath
net.kyori:adventure-api:4.26.1=velocityObserverAnnotationProcessor,velocityObserverCompileClasspath
net.kyori:adventure-bom:4.17.0=paperAdmissionObserverCompileClasspath
net.kyori:adventure-bom:4.26.1=velocityObserverAnnotationProcessor,velocityObserverCompileClasspath
net.kyori:adventure-key:4.17.0=paperAdmissionObserverCompileClasspath
net.kyori:adventure-key:4.26.1=velocityObserverAnnotationProcessor,velocityObserverCompileClasspath
net.kyori:adventure-text-logger-slf4j:4.17.0=paperAdmissionObserverCompileClasspath
net.kyori:adventure-text-logger-slf4j:4.26.1=velocityObserverAnnotationProcessor,velocityObserverCompileClasspath
net.kyori:adventure-text-minimessage:4.17.0=paperAdmissionObserverCompileClasspath
net.kyori:adventure-text-minimessage:4.26.1=velocityObserverAnnotationProcessor,velocityObserverCompileClasspath
net.kyori:adventure-text-serializer-ansi:4.26.1=velocityObserverAnnotationProcessor,velocityObserverCompileClasspath
net.kyori:adventure-text-serializer-commons:4.26.1=velocityObserverAnnotationProcessor
net.kyori:adventure-text-serializer-gson:4.17.0=paperAdmissionObserverCompileClasspath
net.kyori:adventure-text-serializer-gson:4.26.1=velocityObserverAnnotationProcessor,velocityObserverCompileClasspath
net.kyori:adventure-text-serializer-json:4.17.0=paperAdmissionObserverCompileClasspath
net.kyori:adventure-text-serializer-json:4.26.1=velocityObserverAnnotationProcessor,velocityObserverCompileClasspath
net.kyori:adventure-text-serializer-legacy:4.17.0=paperAdmissionObserverCompileClasspath
net.kyori:adventure-text-serializer-legacy:4.26.1=velocityObserverAnnotationProcessor,velocityObserverCompileClasspath
net.kyori:adventure-text-serializer-plain:4.17.0=paperAdmissionObserverCompileClasspath
net.kyori:adventure-text-serializer-plain:4.26.1=velocityObserverAnnotationProcessor,velocityObserverCompileClasspath
net.kyori:ansi:1.1.1=velocityObserverAnnotationProcessor,velocityObserverCompileClasspath
net.kyori:examination-api:1.3.0=paperAdmissionObserverCompileClasspath,velocityObserverAnnotationProcessor,velocityObserverCompileClasspath
net.kyori:examination-string:1.3.0=paperAdmissionObserverCompileClasspath,velocityObserverAnnotationProcessor,velocityObserverCompileClasspath
net.kyori:option:1.0.0=paperAdmissionObserverCompileClasspath
net.kyori:option:1.1.0=velocityObserverAnnotationProcessor,velocityObserverCompileClasspath
net.md-5:bungeecord-chat:1.20-R0.2-deprecated+build.18=paperAdmissionObserverCompileClasspath
org.apache.commons:commons-lang3:3.12.0=paperAdmissionObserverCompileClasspath
org.apache.logging.log4j:log4j-api:2.17.1=paperAdmissionObserverCompileClasspath
org.apache.maven.resolver:maven-resolver-api:1.9.18=paperAdmissionObserverCompileClasspath
org.apache.maven.resolver:maven-resolver-impl:1.9.18=paperAdmissionObserverCompileClasspath
org.apache.maven.resolver:maven-resolver-named-locks:1.9.18=paperAdmissionObserverCompileClasspath
org.apache.maven.resolver:maven-resolver-spi:1.9.18=paperAdmissionObserverCompileClasspath
org.apache.maven.resolver:maven-resolver-util:1.9.18=paperAdmissionObserverCompileClasspath
org.apache.maven:maven-artifact:3.9.6=paperAdmissionObserverCompileClasspath
org.apache.maven:maven-builder-support:3.9.6=paperAdmissionObserverCompileClasspath
org.apache.maven:maven-model-builder:3.9.6=paperAdmissionObserverCompileClasspath
org.apache.maven:maven-model:3.9.6=paperAdmissionObserverCompileClasspath
org.apache.maven:maven-repository-metadata:3.9.6=paperAdmissionObserverCompileClasspath
org.apache.maven:maven-resolver-provider:3.9.6=paperAdmissionObserverCompileClasspath
org.apiguardian:apiguardian-api:1.1.2=testCompileClasspath
org.checkerframework:checker-qual:3.33.0=paperAdmissionObserverCompileClasspath
org.checkerframework:checker-qual:3.53.0=velocityObserverAnnotationProcessor,velocityObserverCompileClasspath
org.codehaus.plexus:plexus-interpolation:1.26=paperAdmissionObserverCompileClasspath
org.codehaus.plexus:plexus-utils:3.5.1=paperAdmissionObserverCompileClasspath
org.eclipse.sisu:org.eclipse.sisu.inject:0.9.0.M2=paperAdmissionObserverCompileClasspath
org.jetbrains:annotations:24.1.0=paperAdmissionObserverCompileClasspath
org.jetbrains:annotations:26.0.2-1=velocityObserverCompileClasspath
org.joml:joml:1.10.5=paperAdmissionObserverCompileClasspath
org.jspecify:jspecify:1.0.0=paperAdmissionObserverCompileClasspath,velocityObserverAnnotationProcessor,velocityObserverCompileClasspath
org.junit.jupiter:junit-jupiter-api:5.13.4=testCompileClasspath,testRuntimeClasspath
org.junit.jupiter:junit-jupiter-engine:5.13.4=testRuntimeClasspath
org.junit.jupiter:junit-jupiter-params:5.13.4=testCompileClasspath,testRuntimeClasspath
org.junit.jupiter:junit-jupiter:5.13.4=testCompileClasspath,testRuntimeClasspath
org.junit.platform:junit-platform-commons:1.13.4=testCompileClasspath,testRuntimeClasspath
org.junit.platform:junit-platform-engine:1.13.4=testRuntimeClasspath
org.junit.platform:junit-platform-launcher:1.13.4=testRuntimeClasspath
org.junit:junit-bom:5.13.4=testCompileClasspath,testRuntimeClasspath
org.opentest4j:opentest4j:1.3.0=testCompileClasspath,testRuntimeClasspath
org.slf4j:slf4j-api:2.0.17=velocityObserverAnnotationProcessor,velocityObserverCompileClasspath
org.slf4j:slf4j-api:2.0.9=paperAdmissionObserverCompileClasspath
org.spongepowered:configurate-core:4.2.0=velocityObserverAnnotationProcessor,velocityObserverCompileClasspath
org.spongepowered:configurate-gson:4.2.0=velocityObserverAnnotationProcessor,velocityObserverCompileClasspath
org.spongepowered:configurate-hocon:4.2.0=velocityObserverAnnotationProcessor,velocityObserverCompileClasspath
org.spongepowered:configurate-yaml:4.2.0=velocityObserverAnnotationProcessor,velocityObserverCompileClasspath
org.yaml:snakeyaml:2.2=paperAdmissionObserverCompileClasspath
org.yaml:snakeyaml:2.5=velocityObserverAnnotationProcessor,velocityObserverCompileClasspath
empty=annotationProcessor,paperAdmissionObserverAnnotationProcessor,paperAdmissionObserverRuntimeClasspath,testAnnotationProcessor,velocityObserverRuntimeClasspath
